
Microsoft Visual Studio Solution File, Format Version 12.00
# Visual Studio Version 17
VisualStudioVersion = 17.8.34525.116
MinimumVisualStudioVersion = 10.0.40219.1
Project("{9A19103F-16F7-4668-BE54-9A1E7A4F7556}") = "CryptoVue", "CryptoVue\CryptoVue.csproj", "{FE09DC6A-3AD3-4CAB-87F7-DA61CB2D659F}"
EndProject
Project("{2150E333-8FDC-42A3-9474-1A3956D46DE8}") = "Shared", "Shared", "{2C63175E-5743-4E1F-B6FD-2CE4738C1FD0}"
EndProject
Project("{FAE04EC0-301F-11D3-BF4B-00C04F79EFBC}") = "CryptoVue.Data", "CryptoVue.Data\CryptoVue.Data.csproj", "{926FC44F-9B97-4ACA-92DE-A1A30C3C568D}"
EndProject
Global
	GlobalSection(SolutionConfigurationPlatforms) = preSolution
		Debug|Any CPU = Debug|Any CPU
		Release|Any CPU = Release|Any CPU
	EndGlobalSection
	GlobalSection(ProjectConfigurationPlatforms) = postSolution
		{FE09DC6A-3AD3-4CAB-87F7-DA61CB2D659F}.Debug|Any CPU.ActiveCfg = Debug|Any CPU
		{FE09DC6A-3AD3-4CAB-87F7-DA61CB2D659F}.Debug|Any CPU.Build.0 = Debug|Any CPU
		{FE09DC6A-3AD3-4CAB-87F7-DA61CB2D659F}.Release|Any CPU.ActiveCfg = Release|Any CPU
		{FE09DC6A-3AD3-4CAB-87F7-DA61CB2D659F}.Release|Any CPU.Build.0 = Release|Any CPU
		{926FC44F-9B97-4ACA-92DE-A1A30C3C568D}.Debug|Any CPU.ActiveCfg = Debug|Any CPU
		{926FC44F-9B97-4ACA-92DE-A1A30C3C568D}.Debug|Any CPU.Build.0 = Debug|Any CPU
		{926FC44F-9B97-4ACA-92DE-A1A30C3C568D}.Release|Any CPU.ActiveCfg = Release|Any CPU
		{926FC44F-9B97-4ACA-92DE-A1A30C3C568D}.Release|Any CPU.Build.0 = Release|Any CPU
	EndGlobalSection
	GlobalSection(SolutionProperties) = preSolution
		HideSolutionNode = FALSE
	EndGlobalSection
	GlobalSection(NestedProjects) = preSolution
		{926FC44F-9B97-4ACA-92DE-A1A30C3C568D} = {2C63175E-5743-4E1F-B6FD-2CE4738C1FD0}
	EndGlobalSection
	GlobalSection(ExtensibilityGlobals) = postSolution
		SolutionGuid = {53515B12-6F8E-4143-A1E0-298E2429E977}
	EndGlobalSection
EndGlobal
